{
  "name": "nakamaserver",
  "version": "1.0.0",
  "lockfileVersion": 2,
  "requires": true,
  "packages": {
    "": {
      "name": "nakamaserver",
      "version": "1.0.0",
      "license": "ISC",
      "dependencies": {
        "nakama-runtime": "github:heroiclabs/nakama-common"
      },
      "devDependencies": {
        "typescript": "^4.6.4"
      }
    },
    "node_modules/nakama-runtime": {
      "version": "1.10.0",
      "resolved": "git+ssh://git@github.com/heroiclabs/nakama-common.git#4c0b3c5a4a43c52b19b1fe206882f6ffb8fe0c48",
      "license": "Apache-2.0"
    },
    "node_modules/typescript": {
      "version": "4.6.4",
      "resolved": "https://registry.npmjs.org/typescript/-/typescript-4.6.4.tgz",
      "integrity": "sha512-9ia/jWHIEbo49HfjrLGfKbZSuWo9iTMwXO+Ca3pRsSpbsMbc7/IU8NKdCZVRRBafVPGnoJeFL76ZOAA84I9fEg==",
      "dev": true,
      "bin": {
        "tsc": "bin/tsc",
        "tsserver": "bin/tsserver"
      },
      "engines": {
        "node": ">=4.2.0"
      }
    }
  },
  "dependencies": {
    "nakama-runtime": {
      "version": "git+ssh://git@github.com/heroiclabs/nakama-common.git#4c0b3c5a4a43c52b19b1fe206882f6ffb8fe0c48",
      "from": "nakama-runtime@github:heroiclabs/nakama-common"
    },
    "typescript": {
      "version": "4.6.4",
      "resolved": "https://registry.npmjs.org/typescript/-/typescript-4.6.4.tgz",
      "integrity": "sha512-9ia/jWHIEbo49HfjrLGfKbZSuWo9iTMwXO+Ca3pRsSpbsMbc7/IU8NKdCZVRRBafVPGnoJeFL76ZOAA84I9fEg==",
      "dev": true
    }
  }
}
